// !$*UTF8*$!
{
	archiveVersion = 1;
	classes = {
	};
	objectVersion = 56;
	objects = {

/* Begin PBXBuildFile section */
		214D53662B195874006BC0DB /* MessagingViewController.swift in Sources */ = {isa = PBXBuildFile; fileRef = 214D53612B195874006BC0DB /* MessagingViewController.swift */; };
		214D53672B195874006BC0DB /* ChatTableViewCell.swift in Sources */ = {isa = PBXBuildFile; fileRef = 214D53622B195874006BC0DB /* ChatTableViewCell.swift */; };
		214D53682B195874006BC0DB /* ChatMessage.swift in Sources */ = {isa = PBXBuildFile; fileRef = 214D53632B195874006BC0DB /* ChatMessage.swift */; };
		214D53692B195874006BC0DB /* MapViewController.swift in Sources */ = {isa = PBXBuildFile; fileRef = 214D53642B195874006BC0DB /* MapViewController.swift */; };
		214D536A2B195874006BC0DB /* MatchViewController.swift in Sources */ = {isa = PBXBuildFile; fileRef = 214D53652B195874006BC0DB /* MatchViewController.swift */; };
		215DFBFD2B1A634500E04AE3 /* ChatSession.swift in Sources */ = {isa = PBXBuildFile; fileRef = 215DFBFC2B1A634500E04AE3 /* ChatSession.swift */; };
		215DFC072B1A84B600E04AE3 /* ChatDetailedViewController.swift in Sources */ = {isa = PBXBuildFile; fileRef = 215DFC062B1A84B600E04AE3 /* ChatDetailedViewController.swift */; };
		215DFC092B1A8CB700E04AE3 /* InMessageCell.swift in Sources */ = {isa = PBXBuildFile; fileRef = 215DFC082B1A8CB700E04AE3 /* InMessageCell.swift */; };
		215DFC0B2B1A965600E04AE3 /* OutMessageCell.swift in Sources */ = {isa = PBXBuildFile; fileRef = 215DFC0A2B1A965600E04AE3 /* OutMessageCell.swift */; };
		59126B732B1BC21900D7CA2F /* UserProfileVC.swift in Sources */ = {isa = PBXBuildFile; fileRef = 59126B722B1BC21900D7CA2F /* UserProfileVC.swift */; };
		599667742B12CBCD00E99F6D /* firebaseViewController.swift in Sources */ = {isa = PBXBuildFile; fileRef = 599667732B12CBCD00E99F6D /* firebaseViewController.swift */; };
		5996677A2B18002B00E99F6D /* createMainProfileVC.swift in Sources */ = {isa = PBXBuildFile; fileRef = 599667792B18002B00E99F6D /* createMainProfileVC.swift */; };
		5996677C2B18004800E99F6D /* createDatingProfileVC.swift in Sources */ = {isa = PBXBuildFile; fileRef = 5996677B2B18004800E99F6D /* createDatingProfileVC.swift */; };
		5996677E2B18005F00E99F6D /* createFriendProfileVC.swift in Sources */ = {isa = PBXBuildFile; fileRef = 5996677D2B18005F00E99F6D /* createFriendProfileVC.swift */; };
		599667802B18007400E99F6D /* createStudyProfileVC.swift in Sources */ = {isa = PBXBuildFile; fileRef = 5996677F2B18007400E99F6D /* createStudyProfileVC.swift */; };
		599667822B18023300E99F6D /* createPhotosBioProfileVC.swift in Sources */ = {isa = PBXBuildFile; fileRef = 599667812B18023300E99F6D /* createPhotosBioProfileVC.swift */; };
		599667842B18064300E99F6D /* UserProfile.swift in Sources */ = {isa = PBXBuildFile; fileRef = 599667832B18064300E99F6D /* UserProfile.swift */; };
		59B6351B2B198BF500F1ADF5 /* SDWebImage in Frameworks */ = {isa = PBXBuildFile; productRef = 59B6351A2B198BF500F1ADF5 /* SDWebImage */; };
		59B6351D2B198BF500F1ADF5 /* SDWebImageMapKit in Frameworks */ = {isa = PBXBuildFile; productRef = 59B6351C2B198BF500F1ADF5 /* SDWebImageMapKit */; };
		59CBAEF62B0C0AF900588D1F /* FirebaseAnalytics in Frameworks */ = {isa = PBXBuildFile; productRef = 59CBAEF52B0C0AF900588D1F /* FirebaseAnalytics */; };
		59CBAEF82B0C0AF900588D1F /* FirebaseAnalyticsOnDeviceConversion in Frameworks */ = {isa = PBXBuildFile; productRef = 59CBAEF72B0C0AF900588D1F /* FirebaseAnalyticsOnDeviceConversion */; };
		59CBAEFA2B0C0AF900588D1F /* FirebaseAnalyticsSwift in Frameworks */ = {isa = PBXBuildFile; productRef = 59CBAEF92B0C0AF900588D1F /* FirebaseAnalyticsSwift */; };
		59CBAEFC2B0C0AF900588D1F /* FirebaseAnalyticsWithoutAdIdSupport in Frameworks */ = {isa = PBXBuildFile; productRef = 59CBAEFB2B0C0AF900588D1F /* FirebaseAnalyticsWithoutAdIdSupport */; };
		59CBAEFE2B0C0AF900588D1F /* FirebaseAppCheck in Frameworks */ = {isa = PBXBuildFile; productRef = 59CBAEFD2B0C0AF900588D1F /* FirebaseAppCheck */; };
		59CBAF002B0C0AF900588D1F /* FirebaseAppDistribution-Beta in Frameworks */ = {isa = PBXBuildFile; productRef = 59CBAEFF2B0C0AF900588D1F /* FirebaseAppDistribution-Beta */; };
		59CBAF022B0C0AF900588D1F /* FirebaseAuth in Frameworks */ = {isa = PBXBuildFile; productRef = 59CBAF012B0C0AF900588D1F /* FirebaseAuth */; };
		59CBAF042B0C0AF900588D1F /* FirebaseAuthCombine-Community in Frameworks */ = {isa = PBXBuildFile; productRef = 59CBAF032B0C0AF900588D1F /* FirebaseAuthCombine-Community */; };
		59CBAF062B0C0AF900588D1F /* FirebaseCrashlytics in Frameworks */ = {isa = PBXBuildFile; productRef = 59CBAF052B0C0AF900588D1F /* FirebaseCrashlytics */; };
		59CBAF082B0C0AF900588D1F /* FirebaseDatabase in Frameworks */ = {isa = PBXBuildFile; productRef = 59CBAF072B0C0AF900588D1F /* FirebaseDatabase */; };
		59CBAF0B2B0C0B6600588D1F /* FirebaseFirestore in Frameworks */ = {isa = PBXBuildFile; productRef = 59CBAF0A2B0C0B6600588D1F /* FirebaseFirestore */; };
		59CBAF0D2B0C0BA600588D1F /* FirebaseStorage in Frameworks */ = {isa = PBXBuildFile; productRef = 59CBAF0C2B0C0BA600588D1F /* FirebaseStorage */; };
		59D991DF2B0AF80E00A5B37E /* GoogleService-Info.plist in Resources */ = {isa = PBXBuildFile; fileRef = 59D991DE2B0AF80E00A5B37E /* GoogleService-Info.plist */; };
		59D991E22B0AF8F000A5B37E /* FirebaseAnalytics in Frameworks */ = {isa = PBXBuildFile; productRef = 59D991E12B0AF8F000A5B37E /* FirebaseAnalytics */; };
		59D991E42B0AF8F000A5B37E /* FirebaseAnalyticsOnDeviceConversion in Frameworks */ = {isa = PBXBuildFile; productRef = 59D991E32B0AF8F000A5B37E /* FirebaseAnalyticsOnDeviceConversion */; };
		59D991E62B0AF8F000A5B37E /* FirebaseAnalyticsSwift in Frameworks */ = {isa = PBXBuildFile; productRef = 59D991E52B0AF8F000A5B37E /* FirebaseAnalyticsSwift */; };
		59D991E82B0AF8F000A5B37E /* FirebaseAnalyticsWithoutAdIdSupport in Frameworks */ = {isa = PBXBuildFile; productRef = 59D991E72B0AF8F000A5B37E /* FirebaseAnalyticsWithoutAdIdSupport */; };
		59D991EA2B0AF8F000A5B37E /* FirebaseAppCheck in Frameworks */ = {isa = PBXBuildFile; productRef = 59D991E92B0AF8F000A5B37E /* FirebaseAppCheck */; };
		6C0398222B0578D70038CE92 /* AppDelegate.swift in Sources */ = {isa = PBXBuildFile; fileRef = 6C0398212B0578D70038CE92 /* AppDelegate.swift */; };
		6C0398242B0578D70038CE92 /* SceneDelegate.swift in Sources */ = {isa = PBXBuildFile; fileRef = 6C0398232B0578D70038CE92 /* SceneDelegate.swift */; };
		6C0398262B0578D70038CE92 /* ViewController.swift in Sources */ = {isa = PBXBuildFile; fileRef = 6C0398252B0578D70038CE92 /* ViewController.swift */; };
		6C0398292B0578D70038CE92 /* Main.storyboard in Resources */ = {isa = PBXBuildFile; fileRef = 6C0398272B0578D70038CE92 /* Main.storyboard */; };
		6C03982B2B0578DA0038CE92 /* Assets.xcassets in Resources */ = {isa = PBXBuildFile; fileRef = 6C03982A2B0578DA0038CE92 /* Assets.xcassets */; };
		6C03982E2B0578DA0038CE92 /* LaunchScreen.storyboard in Resources */ = {isa = PBXBuildFile; fileRef = 6C03982C2B0578DA0038CE92 /* LaunchScreen.storyboard */; };
/* End PBXBuildFile section */

/* Begin PBXFileReference section */
		214D53612B195874006BC0DB /* MessagingViewController.swift */ = {isa = PBXFileReference; fileEncoding = 4; lastKnownFileType = sourcecode.swift; path = MessagingViewController.swift; sourceTree = "<group>"; };
		214D53622B195874006BC0DB /* ChatTableViewCell.swift */ = {isa = PBXFileReference; fileEncoding = 4; lastKnownFileType = sourcecode.swift; path = ChatTableViewCell.swift; sourceTree = "<group>"; };
		214D53632B195874006BC0DB /* ChatMessage.swift */ = {isa = PBXFileReference; fileEncoding = 4; lastKnownFileType = sourcecode.swift; path = ChatMessage.swift; sourceTree = "<group>"; };
		214D53642B195874006BC0DB /* MapViewController.swift */ = {isa = PBXFileReference; fileEncoding = 4; lastKnownFileType = sourcecode.swift; path = MapViewController.swift; sourceTree = "<group>"; };
		214D53652B195874006BC0DB /* MatchViewController.swift */ = {isa = PBXFileReference; fileEncoding = 4; lastKnownFileType = sourcecode.swift; path = MatchViewController.swift; sourceTree = "<group>"; };
		215DFBFC2B1A634500E04AE3 /* ChatSession.swift */ = {isa = PBXFileReference; lastKnownFileType = sourcecode.swift; path = ChatSession.swift; sourceTree = "<group>"; };
		215DFC062B1A84B600E04AE3 /* ChatDetailedViewController.swift */ = {isa = PBXFileReference; lastKnownFileType = sourcecode.swift; path = ChatDetailedViewController.swift; sourceTree = "<group>"; };
		215DFC082B1A8CB700E04AE3 /* InMessageCell.swift */ = {isa = PBXFileReference; lastKnownFileType = sourcecode.swift; path = InMessageCell.swift; sourceTree = "<group>"; };
		215DFC0A2B1A965600E04AE3 /* OutMessageCell.swift */ = {isa = PBXFileReference; lastKnownFileType = sourcecode.swift; path = OutMessageCell.swift; sourceTree = "<group>"; };
		59126B722B1BC21900D7CA2F /* UserProfileVC.swift */ = {isa = PBXFileReference; lastKnownFileType = sourcecode.swift; path = UserProfileVC.swift; sourceTree = "<group>"; };
		599667732B12CBCD00E99F6D /* firebaseViewController.swift */ = {isa = PBXFileReference; lastKnownFileType = sourcecode.swift; path = firebaseViewController.swift; sourceTree = "<group>"; };
		599667792B18002B00E99F6D /* createMainProfileVC.swift */ = {isa = PBXFileReference; lastKnownFileType = sourcecode.swift; path = createMainProfileVC.swift; sourceTree = "<group>"; };
		5996677B2B18004800E99F6D /* createDatingProfileVC.swift */ = {isa = PBXFileReference; lastKnownFileType = sourcecode.swift; path = createDatingProfileVC.swift; sourceTree = "<group>"; };
		5996677D2B18005F00E99F6D /* createFriendProfileVC.swift */ = {isa = PBXFileReference; lastKnownFileType = sourcecode.swift; path = createFriendProfileVC.swift; sourceTree = "<group>"; };
		5996677F2B18007400E99F6D /* createStudyProfileVC.swift */ = {isa = PBXFileReference; lastKnownFileType = sourcecode.swift; path = createStudyProfileVC.swift; sourceTree = "<group>"; };
		599667812B18023300E99F6D /* createPhotosBioProfileVC.swift */ = {isa = PBXFileReference; lastKnownFileType = sourcecode.swift; path = createPhotosBioProfileVC.swift; sourceTree = "<group>"; };
		599667832B18064300E99F6D /* UserProfile.swift */ = {isa = PBXFileReference; lastKnownFileType = sourcecode.swift; path = UserProfile.swift; sourceTree = "<group>"; };
		59D991DE2B0AF80E00A5B37E /* GoogleService-Info.plist */ = {isa = PBXFileReference; fileEncoding = 4; lastKnownFileType = text.plist.xml; path = "GoogleService-Info.plist"; sourceTree = "<group>"; };
		6C03981E2B0578D70038CE92 /* TeamAlgeria.app */ = {isa = PBXFileReference; explicitFileType = wrapper.application; includeInIndex = 0; path = TeamAlgeria.app; sourceTree = BUILT_PRODUCTS_DIR; };
		6C0398212B0578D70038CE92 /* AppDelegate.swift */ = {isa = PBXFileReference; lastKnownFileType = sourcecode.swift; path = AppDelegate.swift; sourceTree = "<group>"; };
		6C0398232B0578D70038CE92 /* SceneDelegate.swift */ = {isa = PBXFileReference; lastKnownFileType = sourcecode.swift; path = SceneDelegate.swift; sourceTree = "<group>"; };
		6C0398252B0578D70038CE92 /* ViewController.swift */ = {isa = PBXFileReference; lastKnownFileType = sourcecode.swift; path = ViewController.swift; sourceTree = "<group>"; };
		6C0398282B0578D70038CE92 /* Base */ = {isa = PBXFileReference; lastKnownFileType = file.storyboard; name = Base; path = Base.lproj/Main.storyboard; sourceTree = "<group>"; };
		6C03982A2B0578DA0038CE92 /* Assets.xcassets */ = {isa = PBXFileReference; lastKnownFileType = folder.assetcatalog; path = Assets.xcassets; sourceTree = "<group>"; };
		6C03982D2B0578DA0038CE92 /* Base */ = {isa = PBXFileReference; lastKnownFileType = file.storyboard; name = Base; path = Base.lproj/LaunchScreen.storyboard; sourceTree = "<group>"; };
		6C03982F2B0578DA0038CE92 /* Info.plist */ = {isa = PBXFileReference; lastKnownFileType = text.plist.xml; path = Info.plist; sourceTree = "<group>"; };
/* End PBXFileReference section */

/* Begin PBXFrameworksBuildPhase section */
		6C03981B2B0578D70038CE92 /* Frameworks */ = {
			isa = PBXFrameworksBuildPhase;
			buildActionMask = 2147483647;
			files = (
				59CBAF082B0C0AF900588D1F /* FirebaseDatabase in Frameworks */,
				59D991E62B0AF8F000A5B37E /* FirebaseAnalyticsSwift in Frameworks */,
				59D991E22B0AF8F000A5B37E /* FirebaseAnalytics in Frameworks */,
				59CBAEF62B0C0AF900588D1F /* FirebaseAnalytics in Frameworks */,
				59CBAF062B0C0AF900588D1F /* FirebaseCrashlytics in Frameworks */,
				59CBAF0B2B0C0B6600588D1F /* FirebaseFirestore in Frameworks */,
				59B6351D2B198BF500F1ADF5 /* SDWebImageMapKit in Frameworks */,
				59B6351B2B198BF500F1ADF5 /* SDWebImage in Frameworks */,
				59CBAEF82B0C0AF900588D1F /* FirebaseAnalyticsOnDeviceConversion in Frameworks */,
				59CBAF042B0C0AF900588D1F /* FirebaseAuthCombine-Community in Frameworks */,
				59CBAEFA2B0C0AF900588D1F /* FirebaseAnalyticsSwift in Frameworks */,
				59D991E42B0AF8F000A5B37E /* FirebaseAnalyticsOnDeviceConversion in Frameworks */,
				59D991EA2B0AF8F000A5B37E /* FirebaseAppCheck in Frameworks */,
				59CBAF022B0C0AF900588D1F /* FirebaseAuth in Frameworks */,
				59CBAF0D2B0C0BA600588D1F /* FirebaseStorage in Frameworks */,
				59CBAEFC2B0C0AF900588D1F /* FirebaseAnalyticsWithoutAdIdSupport in Frameworks */,
				59CBAEFE2B0C0AF900588D1F /* FirebaseAppCheck in Frameworks */,
				59CBAF002B0C0AF900588D1F /* FirebaseAppDistribution-Beta in Frameworks */,
				59D991E82B0AF8F000A5B37E /* FirebaseAnalyticsWithoutAdIdSupport in Frameworks */,
			);
			runOnlyForDeploymentPostprocessing = 0;
		};
/* End PBXFrameworksBuildPhase section */

/* Begin PBXGroup section */
		59CBAF092B0C0B6600588D1F /* Frameworks */ = {
			isa = PBXGroup;
			children = (
			);
			name = Frameworks;
			sourceTree = "<group>";
		};
		6C0398152B0578D70038CE92 = {
			isa = PBXGroup;
			children = (
				59D991DE2B0AF80E00A5B37E /* GoogleService-Info.plist */,
				6C0398202B0578D70038CE92 /* TeamAlgeria */,
				6C03981F2B0578D70038CE92 /* Products */,
				59CBAF092B0C0B6600588D1F /* Frameworks */,
			);
			sourceTree = "<group>";
		};
		6C03981F2B0578D70038CE92 /* Products */ = {
			isa = PBXGroup;
			children = (
				6C03981E2B0578D70038CE92 /* TeamAlgeria.app */,
			);
			name = Products;
			sourceTree = "<group>";
		};
		6C0398202B0578D70038CE92 /* TeamAlgeria */ = {
			isa = PBXGroup;
			children = (
				214D53642B195874006BC0DB /* MapViewController.swift */,
				214D53652B195874006BC0DB /* MatchViewController.swift */,
				214D53612B195874006BC0DB /* MessagingViewController.swift */,
				214D53622B195874006BC0DB /* ChatTableViewCell.swift */,
				215DFC062B1A84B600E04AE3 /* ChatDetailedViewController.swift */,
				215DFC082B1A8CB700E04AE3 /* InMessageCell.swift */,
				215DFC0A2B1A965600E04AE3 /* OutMessageCell.swift */,
				215DFBFC2B1A634500E04AE3 /* ChatSession.swift */,
				214D53632B195874006BC0DB /* ChatMessage.swift */,
				6C0398272B0578D70038CE92 /* Main.storyboard */,
				6C03982A2B0578DA0038CE92 /* Assets.xcassets */,
				6C0398252B0578D70038CE92 /* ViewController.swift */,
				6C0398232B0578D70038CE92 /* SceneDelegate.swift */,
				6C0398212B0578D70038CE92 /* AppDelegate.swift */,
				6C03982C2B0578DA0038CE92 /* LaunchScreen.storyboard */,
				6C03982F2B0578DA0038CE92 /* Info.plist */,
				599667732B12CBCD00E99F6D /* firebaseViewController.swift */,
				599667792B18002B00E99F6D /* createMainProfileVC.swift */,
				5996677B2B18004800E99F6D /* createDatingProfileVC.swift */,
				5996677D2B18005F00E99F6D /* createFriendProfileVC.swift */,
				5996677F2B18007400E99F6D /* createStudyProfileVC.swift */,
				599667812B18023300E99F6D /* createPhotosBioProfileVC.swift */,
				599667832B18064300E99F6D /* UserProfile.swift */,
				59126B722B1BC21900D7CA2F /* UserProfileVC.swift */,
			);
			path = TeamAlgeria;
			sourceTree = "<group>";
		};
/* End PBXGroup section */

/* Begin PBXNativeTarget section */
		6C03981D2B0578D70038CE92 /* TeamAlgeria */ = {
			isa = PBXNativeTarget;
			buildConfigurationList = 6C0398322B0578DA0038CE92 /* Build configuration list for PBXNativeTarget "TeamAlgeria" */;
			buildPhases = (
				6C03981A2B0578D70038CE92 /* Sources */,
				6C03981B2B0578D70038CE92 /* Frameworks */,
				6C03981C2B0578D70038CE92 /* Resources */,
			);
			buildRules = (
			);
			dependencies = (
			);
			name = TeamAlgeria;
			packageProductDependencies = (
				59D991E12B0AF8F000A5B37E /* FirebaseAnalytics */,
				59D991E32B0AF8F000A5B37E /* FirebaseAnalyticsOnDeviceConversion */,
				59D991E52B0AF8F000A5B37E /* FirebaseAnalyticsSwift */,
				59D991E72B0AF8F000A5B37E /* FirebaseAnalyticsWithoutAdIdSupport */,
				59D991E92B0AF8F000A5B37E /* FirebaseAppCheck */,
				59CBAEF52B0C0AF900588D1F /* FirebaseAnalytics */,
				59CBAEF72B0C0AF900588D1F /* FirebaseAnalyticsOnDeviceConversion */,
				59CBAEF92B0C0AF900588D1F /* FirebaseAnalyticsSwift */,
				59CBAEFB2B0C0AF900588D1F /* FirebaseAnalyticsWithoutAdIdSupport */,
				59CBAEFD2B0C0AF900588D1F /* FirebaseAppCheck */,
				59CBAEFF2B0C0AF900588D1F /* FirebaseAppDistribution-Beta */,
				59CBAF012B0C0AF900588D1F /* FirebaseAuth */,
				59CBAF032B0C0AF900588D1F /* FirebaseAuthCombine-Community */,
				59CBAF052B0C0AF900588D1F /* FirebaseCrashlytics */,
				59CBAF072B0C0AF900588D1F /* FirebaseDatabase */,
				59CBAF0A2B0C0B6600588D1F /* FirebaseFirestore */,
				59CBAF0C2B0C0BA600588D1F /* FirebaseStorage */,
				59B6351A2B198BF500F1ADF5 /* SDWebImage */,
				59B6351C2B198BF500F1ADF5 /* SDWebImageMapKit */,
			);
			productName = TeamAlgeria;
			productReference = 6C03981E2B0578D70038CE92 /* TeamAlgeria.app */;
			productType = "com.apple.product-type.application";
		};
/* End PBXNativeTarget section */

/* Begin PBXProject section */
		6C0398162B0578D70038CE92 /* Project object */ = {
			isa = PBXProject;
			attributes = {
				BuildIndependentTargetsInParallel = 1;
				LastSwiftUpdateCheck = 1500;
				LastUpgradeCheck = 1500;
				TargetAttributes = {
					6C03981D2B0578D70038CE92 = {
						CreatedOnToolsVersion = 15.0.1;
					};
				};
			};
			buildConfigurationList = 6C0398192B0578D70038CE92 /* Build configuration list for PBXProject "TeamAlgeria" */;
			compatibilityVersion = "Xcode 14.0";
			developmentRegion = en;
			hasScannedForEncodings = 0;
			knownRegions = (
				en,
				Base,
			);
			mainGroup = 6C0398152B0578D70038CE92;
			packageReferences = (
				59D991E02B0AF8F000A5B37E /* XCRemoteSwiftPackageReference "firebase-ios-sdk" */,
				59B635192B198BF500F1ADF5 /* XCRemoteSwiftPackageReference "SDWebImage" */,
			);
			productRefGroup = 6C03981F2B0578D70038CE92 /* Products */;
			projectDirPath = "";
			projectRoot = "";
			targets = (
				6C03981D2B0578D70038CE92 /* TeamAlgeria */,
			);
		};
/* End PBXProject section */

/* Begin PBXResourcesBuildPhase section */
		6C03981C2B0578D70038CE92 /* Resources */ = {
			isa = PBXResourcesBuildPhase;
			buildActionMask = 2147483647;
			files = (
				6C03982E2B0578DA0038CE92 /* LaunchScreen.storyboard in Resources */,
				59D991DF2B0AF80E00A5B37E /* GoogleService-Info.plist in Resources */,
				6C03982B2B0578DA0038CE92 /* Assets.xcassets in Resources */,
				6C0398292B0578D70038CE92 /* Main.storyboard in Resources */,
			);
			runOnlyForDeploymentPostprocessing = 0;
		};
/* End PBXResourcesBuildPhase section */

/* Begin PBXSourcesBuildPhase section */
		6C03981A2B0578D70038CE92 /* Sources */ = {
			isa = PBXSourcesBuildPhase;
			buildActionMask = 2147483647;
			files = (
				6C0398262B0578D70038CE92 /* ViewController.swift in Sources */,
				5996677A2B18002B00E99F6D /* createMainProfileVC.swift in Sources */,
				214D53682B195874006BC0DB /* ChatMessage.swift in Sources */,
				59126B732B1BC21900D7CA2F /* UserProfileVC.swift in Sources */,
				599667842B18064300E99F6D /* UserProfile.swift in Sources */,
				6C0398222B0578D70038CE92 /* AppDelegate.swift in Sources */,
				215DFBFD2B1A634500E04AE3 /* ChatSession.swift in Sources */,
				214D53662B195874006BC0DB /* MessagingViewController.swift in Sources */,
				5996677C2B18004800E99F6D /* createDatingProfileVC.swift in Sources */,
				599667822B18023300E99F6D /* createPhotosBioProfileVC.swift in Sources */,
				215DFC0B2B1A965600E04AE3 /* OutMessageCell.swift in Sources */,
				599667802B18007400E99F6D /* createStudyProfileVC.swift in Sources */,
				214D536A2B195874006BC0DB /* MatchViewController.swift in Sources */,
				6C0398242B0578D70038CE92 /* SceneDelegate.swift in Sources */,
				215DFC092B1A8CB700E04AE3 /* InMessageCell.swift in Sources */,
				214D53672B195874006BC0DB /* ChatTableViewCell.swift in Sources */,
				599667742B12CBCD00E99F6D /* firebaseViewController.swift in Sources */,
				5996677E2B18005F00E99F6D /* createFriendProfileVC.swift in Sources */,
				215DFC072B1A84B600E04AE3 /* ChatDetailedViewController.swift in Sources */,
				214D53692B195874006BC0DB /* MapViewController.swift in Sources */,
			);
			runOnlyForDeploymentPostprocessing = 0;
		};
/* End PBXSourcesBuildPhase section */

/* Begin PBXVariantGroup section */
		6C0398272B0578D70038CE92 /* Main.storyboard */ = {
			isa = PBXVariantGroup;
			children = (
				6C0398282B0578D70038CE92 /* Base */,
			);
			name = Main.storyboard;
			sourceTree = "<group>";
		};
		6C03982C2B0578DA0038CE92 /* LaunchScreen.storyboard */ = {
			isa = PBXVariantGroup;
			children = (
				6C03982D2B0578DA0038CE92 /* Base */,
			);
			name = LaunchScreen.storyboard;
			sourceTree = "<group>";
		};
/* End PBXVariantGroup section */

/* Begin XCBuildConfiguration section */
		6C0398302B0578DA0038CE92 /* Debug */ = {
			isa = XCBuildConfiguration;
			buildSettings = {
				ALWAYS_SEARCH_USER_PATHS = NO;
				ASSETCATALOG_COMPILER_GENERATE_SWIFT_ASSET_SYMBOL_EXTENSIONS = YES;
				CLANG_ANALYZER_NONNULL = YES;
				CLANG_ANALYZER_NUMBER_OBJECT_CONVERSION = YES_AGGRESSIVE;
				CLANG_CXX_LANGUAGE_STANDARD = "gnu++20";
				CLANG_ENABLE_MODULES = YES;
				CLANG_ENABLE_OBJC_ARC = YES;
				CLANG_ENABLE_OBJC_WEAK = YES;
				CLANG_WARN_BLOCK_CAPTURE_AUTORELEASING = YES;
				CLANG_WARN_BOOL_CONVERSION = YES;
				CLANG_WARN_COMMA = YES;
				CLANG_WARN_CONSTANT_CONVERSION = YES;
				CLANG_WARN_DEPRECATED_OBJC_IMPLEMENTATIONS = YES;
				CLANG_WARN_DIRECT_OBJC_ISA_USAGE = YES_ERROR;
				CLANG_WARN_DOCUMENTATION_COMMENTS = YES;
				CLANG_WARN_EMPTY_BODY = YES;
				CLANG_WARN_ENUM_CONVERSION = YES;
				CLANG_WARN_INFINITE_RECURSION = YES;
				CLANG_WARN_INT_CONVERSION = YES;
				CLANG_WARN_NON_LITERAL_NULL_CONVERSION = YES;
				CLANG_WARN_OBJC_IMPLICIT_RETAIN_SELF = YES;
				CLANG_WARN_OBJC_LITERAL_CONVERSION = YES;
				CLANG_WARN_OBJC_ROOT_CLASS = YES_ERROR;
				CLANG_WARN_QUOTED_INCLUDE_IN_FRAMEWORK_HEADER = YES;
				CLANG_WARN_RANGE_LOOP_ANALYSIS = YES;
				CLANG_WARN_STRICT_PROTOTYPES = YES;
				CLANG_WARN_SUSPICIOUS_MOVE = YES;
				CLANG_WARN_UNGUARDED_AVAILABILITY = YES_AGGRESSIVE;
				CLANG_WARN_UNREACHABLE_CODE = YES;
				CLANG_WARN__DUPLICATE_METHOD_MATCH = YES;
				COPY_PHASE_STRIP = NO;
				DEBUG_INFORMATION_FORMAT = dwarf;
				ENABLE_STRICT_OBJC_MSGSEND = YES;
				ENABLE_TESTABILITY = YES;
				ENABLE_USER_SCRIPT_SANDBOXING = YES;
				GCC_C_LANGUAGE_STANDARD = gnu17;
				GCC_DYNAMIC_NO_PIC = NO;
				GCC_NO_COMMON_BLOCKS = YES;
				GCC_OPTIMIZATION_LEVEL = 0;
				GCC_PREPROCESSOR_DEFINITIONS = (
					"DEBUG=1",
					"$(inherited)",
				);
				GCC_WARN_64_TO_32_BIT_CONVERSION = YES;
				GCC_WARN_ABOUT_RETURN_TYPE = YES_ERROR;
				GCC_WARN_UNDECLARED_SELECTOR = YES;
				GCC_WARN_UNINITIALIZED_AUTOS = YES_AGGRESSIVE;
				GCC_WARN_UNUSED_FUNCTION = YES;
				GCC_WARN_UNUSED_VARIABLE = YES;
				IPHONEOS_DEPLOYMENT_TARGET = 17.0;
				LOCALIZATION_PREFERS_STRING_CATALOGS = YES;
				MTL_ENABLE_DEBUG_INFO = INCLUDE_SOURCE;
				MTL_FAST_MATH = YES;
				ONLY_ACTIVE_ARCH = YES;
				SDKROOT = iphoneos;
				SWIFT_ACTIVE_COMPILATION_CONDITIONS = "DEBUG $(inherited)";
				SWIFT_OPTIMIZATION_LEVEL = "-Onone";
			};
			name = Debug;
		};
		6C0398312B0578DA0038CE92 /* Release */ = {
			isa = XCBuildConfiguration;
			buildSettings = {
				ALWAYS_SEARCH_USER_PATHS = NO;
				ASSETCATALOG_COMPILER_GENERATE_SWIFT_ASSET_SYMBOL_EXTENSIONS = YES;
				CLANG_ANALYZER_NONNULL = YES;
				CLANG_ANALYZER_NUMBER_OBJECT_CONVERSION = YES_AGGRESSIVE;
				CLANG_CXX_LANGUAGE_STANDARD = "gnu++20";
				CLANG_ENABLE_MODULES = YES;
				CLANG_ENABLE_OBJC_ARC = YES;
				CLANG_ENABLE_OBJC_WEAK = YES;
				CLANG_WARN_BLOCK_CAPTURE_AUTORELEASING = YES;
				CLANG_WARN_BOOL_CONVERSION = YES;
				CLANG_WARN_COMMA = YES;
				CLANG_WARN_CONSTANT_CONVERSION = YES;
				CLANG_WARN_DEPRECATED_OBJC_IMPLEMENTATIONS = YES;
				CLANG_WARN_DIRECT_OBJC_ISA_USAGE = YES_ERROR;
				CLANG_WARN_DOCUMENTATION_COMMENTS = YES;
				CLANG_WARN_EMPTY_BODY = YES;
				CLANG_WARN_ENUM_CONVERSION = YES;
				CLANG_WARN_INFINITE_RECURSION = YES;
				CLANG_WARN_INT_CONVERSION = YES;
				CLANG_WARN_NON_LITERAL_NULL_CONVERSION = YES;
				CLANG_WARN_OBJC_IMPLICIT_RETAIN_SELF = YES;
				CLANG_WARN_OBJC_LITERAL_CONVERSION = YES;
				CLANG_WARN_OBJC_ROOT_CLASS = YES_ERROR;
				CLANG_WARN_QUOTED_INCLUDE_IN_FRAMEWORK_HEADER = YES;
				CLANG_WARN_RANGE_LOOP_ANALYSIS = YES;
				CLANG_WARN_STRICT_PROTOTYPES = YES;
				CLANG_WARN_SUSPICIOUS_MOVE = YES;
				CLANG_WARN_UNGUARDED_AVAILABILITY = YES_AGGRESSIVE;
				CLANG_WARN_UNREACHABLE_CODE = YES;
				CLANG_WARN__DUPLICATE_METHOD_MATCH = YES;
				COPY_PHASE_STRIP = NO;
				DEBUG_INFORMATION_FORMAT = "dwarf-with-dsym";
				ENABLE_NS_ASSERTIONS = NO;
				ENABLE_STRICT_OBJC_MSGSEND = YES;
				ENABLE_USER_SCRIPT_SANDBOXING = YES;
				GCC_C_LANGUAGE_STANDARD = gnu17;
				GCC_NO_COMMON_BLOCKS = YES;
				GCC_WARN_64_TO_32_BIT_CONVERSION = YES;
				GCC_WARN_ABOUT_RETURN_TYPE = YES_ERROR;
				GCC_WARN_UNDECLARED_SELECTOR = YES;
				GCC_WARN_UNINITIALIZED_AUTOS = YES_AGGRESSIVE;
				GCC_WARN_UNUSED_FUNCTION = YES;
				GCC_WARN_UNUSED_VARIABLE = YES;
				IPHONEOS_DEPLOYMENT_TARGET = 17.0;
				LOCALIZATION_PREFERS_STRING_CATALOGS = YES;
				MTL_ENABLE_DEBUG_INFO = NO;
				MTL_FAST_MATH = YES;
				SDKROOT = iphoneos;
				SWIFT_COMPILATION_MODE = wholemodule;
				VALIDATE_PRODUCT = YES;
			};
			name = Release;
		};
		6C0398332B0578DA0038CE92 /* Debug */ = {
			isa = XCBuildConfiguration;
			buildSettings = {
				ASSETCATALOG_COMPILER_APPICON_NAME = AppIcon;
				ASSETCATALOG_COMPILER_GLOBAL_ACCENT_COLOR_NAME = AccentColor;
				CODE_SIGN_STYLE = Automatic;
				CURRENT_PROJECT_VERSION = 1;
				DEVELOPMENT_TEAM = QBCN55FTP9;
				GENERATE_INFOPLIST_FILE = YES;
				INFOPLIST_FILE = TeamAlgeria/Info.plist;
				INFOPLIST_KEY_UIApplicationSupportsIndirectInputEvents = YES;
				INFOPLIST_KEY_UILaunchStoryboardName = LaunchScreen;
				INFOPLIST_KEY_UIMainStoryboardFile = Main;
				INFOPLIST_KEY_UISupportedInterfaceOrientations_iPad = "UIInterfaceOrientationPortrait UIInterfaceOrientationPortraitUpsideDown UIInterfaceOrientationLandscapeLeft UIInterfaceOrientationLandscapeRight";
				INFOPLIST_KEY_UISupportedInterfaceOrientations_iPhone = "UIInterfaceOrientationPortrait UIInterfaceOrientationLandscapeLeft UIInterfaceOrientationLandscapeRight";
				LD_RUNPATH_SEARCH_PATHS = (
					"$(inherited)",
					"@executable_path/Frameworks",
				);
				MARKETING_VERSION = 1.0;
				PRODUCT_BUNDLE_IDENTIFIER = edu.columbia.TeamAlgeria;
				PRODUCT_NAME = "$(TARGET_NAME)";
				SWIFT_EMIT_LOC_STRINGS = YES;
				SWIFT_VERSION = 5.0;
				TARGETED_DEVICE_FAMILY = "1,2";
			};
			name = Debug;
		};
		6C0398342B0578DA0038CE92 /* Release */ = {
			isa = XCBuildConfiguration;
			buildSettings = {
				ASSETCATALOG_COMPILER_APPICON_NAME = AppIcon;
				ASSETCATALOG_COMPILER_GLOBAL_ACCENT_COLOR_NAME = AccentColor;
				CODE_SIGN_STYLE = Automatic;
				CURRENT_PROJECT_VERSION = 1;
				DEVELOPMENT_TEAM = QBCN55FTP9;
				GENERATE_INFOPLIST_FILE = YES;
				INFOPLIST_FILE = TeamAlgeria/Info.plist;
				INFOPLIST_KEY_UIApplicationSupportsIndirectInputEvents = YES;
				INFOPLIST_KEY_UILaunchStoryboardName = LaunchScreen;
				INFOPLIST_KEY_UIMainStoryboardFile = Main;
				INFOPLIST_KEY_UISupportedInterfaceOrientations_iPad = "UIInterfaceOrientationPortrait UIInterfaceOrientationPortraitUpsideDown UIInterfaceOrientationLandscapeLeft UIInterfaceOrientationLandscapeRight";
				INFOPLIST_KEY_UISupportedInterfaceOrientations_iPhone = "UIInterfaceOrientationPortrait UIInterfaceOrientationLandscapeLeft UIInterfaceOrientationLandscapeRight";
				LD_RUNPATH_SEARCH_PATHS = (
					"$(inherited)",
					"@executable_path/Frameworks",
				);
				MARKETING_VERSION = 1.0;
				PRODUCT_BUNDLE_IDENTIFIER = edu.columbia.TeamAlgeria;
				PRODUCT_NAME = "$(TARGET_NAME)";
				SWIFT_EMIT_LOC_STRINGS = YES;
				SWIFT_VERSION = 5.0;
				TARGETED_DEVICE_FAMILY = "1,2";
			};
			name = Release;
		};
/* End XCBuildConfiguration section */

/* Begin XCConfigurationList section */
		6C0398192B0578D70038CE92 /* Build configuration list for PBXProject "TeamAlgeria" */ = {
			isa = XCConfigurationList;
			buildConfigurations = (
				6C0398302B0578DA0038CE92 /* Debug */,
				6C0398312B0578DA0038CE92 /* Release */,
			);
			defaultConfigurationIsVisible = 0;
			defaultConfigurationName = Release;
		};
		6C0398322B0578DA0038CE92 /* Build configuration list for PBXNativeTarget "TeamAlgeria" */ = {
			isa = XCConfigurationList;
			buildConfigurations = (
				6C0398332B0578DA0038CE92 /* Debug */,
				6C0398342B0578DA0038CE92 /* Release */,
			);
			defaultConfigurationIsVisible = 0;
			defaultConfigurationName = Release;
		};
/* End XCConfigurationList section */

/* Begin XCRemoteSwiftPackageReference section */
		59B635192B198BF500F1ADF5 /* XCRemoteSwiftPackageReference "SDWebImage" */ = {
			isa = XCRemoteSwiftPackageReference;
			repositoryURL = "https://github.com/SDWebImage/SDWebImage.git";
			requirement = {
				kind = upToNextMajorVersion;
				minimumVersion = 5.18.5;
			};
		};
		59D991E02B0AF8F000A5B37E /* XCRemoteSwiftPackageReference "firebase-ios-sdk" */ = {
			isa = XCRemoteSwiftPackageReference;
			repositoryURL = "https://github.com/firebase/firebase-ios-sdk";
			requirement = {
				kind = upToNextMajorVersion;
				minimumVersion = 10.18.0;
			};
		};
/* End XCRemoteSwiftPackageReference section */

/* Begin XCSwiftPackageProductDependency section */
		59B6351A2B198BF500F1ADF5 /* SDWebImage */ = {
			isa = XCSwiftPackageProductDependency;
			package = 59B635192B198BF500F1ADF5 /* XCRemoteSwiftPackageReference "SDWebImage" */;
			productName = SDWebImage;
		};
		59B6351C2B198BF500F1ADF5 /* SDWebImageMapKit */ = {
			isa = XCSwiftPackageProductDependency;
			package = 59B635192B198BF500F1ADF5 /* XCRemoteSwiftPackageReference "SDWebImage" */;
			productName = SDWebImageMapKit;
		};
		59CBAEF52B0C0AF900588D1F /* FirebaseAnalytics */ = {
			isa = XCSwiftPackageProductDependency;
			package = 59D991E02B0AF8F000A5B37E /* XCRemoteSwiftPackageReference "firebase-ios-sdk" */;
			productName = FirebaseAnalytics;
		};
		59CBAEF72B0C0AF900588D1F /* FirebaseAnalyticsOnDeviceConversion */ = {
			isa = XCSwiftPackageProductDependency;
			package = 59D991E02B0AF8F000A5B37E /* XCRemoteSwiftPackageReference "firebase-ios-sdk" */;
			productName = FirebaseAnalyticsOnDeviceConversion;
		};
		59CBAEF92B0C0AF900588D1F /* FirebaseAnalyticsSwift */ = {
			isa = XCSwiftPackageProductDependency;
			package = 59D991E02B0AF8F000A5B37E /* XCRemoteSwiftPackageReference "firebase-ios-sdk" */;
			productName = FirebaseAnalyticsSwift;
		};
		59CBAEFB2B0C0AF900588D1F /* FirebaseAnalyticsWithoutAdIdSupport */ = {
			isa = XCSwiftPackageProductDependency;
			package = 59D991E02B0AF8F000A5B37E /* XCRemoteSwiftPackageReference "firebase-ios-sdk" */;
			productName = FirebaseAnalyticsWithoutAdIdSupport;
		};
		59CBAEFD2B0C0AF900588D1F /* FirebaseAppCheck */ = {
			isa = XCSwiftPackageProductDependency;
			package = 59D991E02B0AF8F000A5B37E /* XCRemoteSwiftPackageReference "firebase-ios-sdk" */;
			productName = FirebaseAppCheck;
		};
		59CBAEFF2B0C0AF900588D1F /* FirebaseAppDistribution-Beta */ = {
			isa = XCSwiftPackageProductDependency;
			package = 59D991E02B0AF8F000A5B37E /* XCRemoteSwiftPackageReference "firebase-ios-sdk" */;
			productName = "FirebaseAppDistribution-Beta";
		};
		59CBAF012B0C0AF900588D1F /* FirebaseAuth */ = {
			isa = XCSwiftPackageProductDependency;
			package = 59D991E02B0AF8F000A5B37E /* XCRemoteSwiftPackageReference "firebase-ios-sdk" */;
			productName = FirebaseAuth;
		};
		59CBAF032B0C0AF900588D1F /* FirebaseAuthCombine-Community */ = {
			isa = XCSwiftPackageProductDependency;
			package = 59D991E02B0AF8F000A5B37E /* XCRemoteSwiftPackageReference "firebase-ios-sdk" */;
			productName = "FirebaseAuthCombine-Community";
		};
		59CBAF052B0C0AF900588D1F /* FirebaseCrashlytics */ = {
			isa = XCSwiftPackageProductDependency;
			package = 59D991E02B0AF8F000A5B37E /* XCRemoteSwiftPackageReference "firebase-ios-sdk" */;
			productName = FirebaseCrashlytics;
		};
		59CBAF072B0C0AF900588D1F /* FirebaseDatabase */ = {
			isa = XCSwiftPackageProductDependency;
			package = 59D991E02B0AF8F000A5B37E /* XCRemoteSwiftPackageReference "firebase-ios-sdk" */;
			productName = FirebaseDatabase;
		};
		59CBAF0A2B0C0B6600588D1F /* FirebaseFirestore */ = {
			isa = XCSwiftPackageProductDependency;
			package = 59D991E02B0AF8F000A5B37E /* XCRemoteSwiftPackageReference "firebase-ios-sdk" */;
			productName = FirebaseFirestore;
		};
		59CBAF0C2B0C0BA600588D1F /* FirebaseStorage */ = {
			isa = XCSwiftPackageProductDependency;
			package = 59D991E02B0AF8F000A5B37E /* XCRemoteSwiftPackageReference "firebase-ios-sdk" */;
			productName = FirebaseStorage;
		};
		59D991E12B0AF8F000A5B37E /* FirebaseAnalytics */ = {
			isa = XCSwiftPackageProductDependency;
			package = 59D991E02B0AF8F000A5B37E /* XCRemoteSwiftPackageReference "firebase-ios-sdk" */;
			productName = FirebaseAnalytics;
		};
		59D991E32B0AF8F000A5B37E /* FirebaseAnalyticsOnDeviceConversion */ = {
			isa = XCSwiftPackageProductDependency;
			package = 59D991E02B0AF8F000A5B37E /* XCRemoteSwiftPackageReference "firebase-ios-sdk" */;
			productName = FirebaseAnalyticsOnDeviceConversion;
		};
		59D991E52B0AF8F000A5B37E /* FirebaseAnalyticsSwift */ = {
			isa = XCSwiftPackageProductDependency;
			package = 59D991E02B0AF8F000A5B37E /* XCRemoteSwiftPackageReference "firebase-ios-sdk" */;
			productName = FirebaseAnalyticsSwift;
		};
		59D991E72B0AF8F000A5B37E /* FirebaseAnalyticsWithoutAdIdSupport */ = {
			isa = XCSwiftPackageProductDependency;
			package = 59D991E02B0AF8F000A5B37E /* XCRemoteSwiftPackageReference "firebase-ios-sdk" */;
			productName = FirebaseAnalyticsWithoutAdIdSupport;
		};
		59D991E92B0AF8F000A5B37E /* FirebaseAppCheck */ = {
			isa = XCSwiftPackageProductDependency;
			package = 59D991E02B0AF8F000A5B37E /* XCRemoteSwiftPackageReference "firebase-ios-sdk" */;
			productName = FirebaseAppCheck;
		};
/* End XCSwiftPackageProductDependency section */
	};
	rootObject = 6C0398162B0578D70038CE92 /* Project object */;
}
